
Microsoft Visual Studio Solution File, Format Version 12.00
# Visual Studio Version 17
VisualStudioVersion = 17.5.33414.496
MinimumVisualStudioVersion = 10.0.40219.1
Project("{FAE04EC0-301F-11D3-BF4B-00C04F79EFBC}") = "homework_9(03_03_2023)", "homework_9(03_03_2023)\homework_9(03_03_2023).csproj", "{6667DBD5-F456-474F-936D-EDBE4EE3AF1C}"
EndProject
Global
	GlobalSection(SolutionConfigurationPlatforms) = preSolution
		Debug|Any CPU = Debug|Any CPU
		Release|Any CPU = Release|Any CPU
	EndGlobalSection
	GlobalSection(ProjectConfigurationPlatforms) = postSolution
		{6667DBD5-F456-474F-936D-EDBE4EE3AF1C}.Debug|Any CPU.ActiveCfg = Debug|Any CPU
		{6667DBD5-F456-474F-936D-EDBE4EE3AF1C}.Debug|Any CPU.Build.0 = Debug|Any CPU
		{6667DBD5-F456-474F-936D-EDBE4EE3AF1C}.Release|Any CPU.ActiveCfg = Release|Any CPU
		{6667DBD5-F456-474F-936D-EDBE4EE3AF1C}.Release|Any CPU.Build.0 = Release|Any CPU
	EndGlobalSection
	GlobalSection(SolutionProperties) = preSolution
		HideSolutionNode = FALSE
	EndGlobalSection
	GlobalSection(ExtensibilityGlobals) = postSolution
		SolutionGuid = {46A0585A-12B6-4D47-8C7A-09F8EBB287E3}
	EndGlobalSection
EndGlobal
